
Microsoft Visual Studio Solution File, Format Version 12.00
# Visual Studio Version 16
VisualStudioVersion = 16.0.32407.337
MinimumVisualStudioVersion = 10.0.40219.1
Project("{FAE04EC0-301F-11D3-BF4B-00C04F79EFBC}") = "Restaurant_AB1506", "Restaurent_AB1506\Restaurant_AB1506.csproj", "{8A0F68D2-3419-4434-BD06-A2DEBE60DB60}"
EndProject
Global
	GlobalSection(SolutionConfigurationPlatforms) = preSolution
		Debug|Any CPU = Debug|Any CPU
		Release|Any CPU = Release|Any CPU
	EndGlobalSection
	GlobalSection(ProjectConfigurationPlatforms) = postSolution
		{8A0F68D2-3419-4434-BD06-A2DEBE60DB60}.Debug|Any CPU.ActiveCfg = Debug|Any CPU
		{8A0F68D2-3419-4434-BD06-A2DEBE60DB60}.Debug|Any CPU.Build.0 = Debug|Any CPU
		{8A0F68D2-3419-4434-BD06-A2DEBE60DB60}.Release|Any CPU.ActiveCfg = Release|Any CPU
		{8A0F68D2-3419-4434-BD06-A2DEBE60DB60}.Release|Any CPU.Build.0 = Release|Any CPU
	EndGlobalSection
	GlobalSection(SolutionProperties) = preSolution
		HideSolutionNode = FALSE
	EndGlobalSection
	GlobalSection(ExtensibilityGlobals) = postSolution
		SolutionGuid = {267FAC4D-EABF-4B02-B5B7-D0C77D0F3AD5}
	EndGlobalSection
EndGlobal
